// !$*UTF8*$!
{
	archiveVersion = 1;
	classes = {
	};
	objectVersion = 50;
	objects = {

/* Begin PBXBuildFile section */
		EE06D2FA21952ADE00961AB0 /* AppDelegate.swift in Sources */ = {isa = PBXBuildFile; fileRef = EE06D2F921952ADE00961AB0 /* AppDelegate.swift */; };
		EE06D2FC21952ADE00961AB0 /* ViewController.swift in Sources */ = {isa = PBXBuildFile; fileRef = EE06D2FB21952ADE00961AB0 /* ViewController.swift */; };
		EE06D2FF21952ADE00961AB0 /* Main.storyboard in Resources */ = {isa = PBXBuildFile; fileRef = EE06D2FD21952ADE00961AB0 /* Main.storyboard */; };
		EE06D30121952AE100961AB0 /* Assets.xcassets in Resources */ = {isa = PBXBuildFile; fileRef = EE06D30021952AE100961AB0 /* Assets.xcassets */; };
		EE06D30421952AE100961AB0 /* LaunchScreen.storyboard in Resources */ = {isa = PBXBuildFile; fileRef = EE06D30221952AE100961AB0 /* LaunchScreen.storyboard */; };
		EE06D30F21952AE100961AB0 /* API_SampleTests.swift in Sources */ = {isa = PBXBuildFile; fileRef = EE06D30E21952AE100961AB0 /* API_SampleTests.swift */; };
		EE06D31A21952AE100961AB0 /* API_SampleUITests.swift in Sources */ = {isa = PBXBuildFile; fileRef = EE06D31921952AE100961AB0 /* API_SampleUITests.swift */; };
		EE06D32821952F0F00961AB0 /* API-Pram.swift in Sources */ = {isa = PBXBuildFile; fileRef = EE06D32721952F0F00961AB0 /* API-Pram.swift */; };
		EE06D32A2195515900961AB0 /* APIModel.swift in Sources */ = {isa = PBXBuildFile; fileRef = EE06D3292195515900961AB0 /* APIModel.swift */; };
		EE06D32C219551E400961AB0 /* ExtensionDictionary.swift in Sources */ = {isa = PBXBuildFile; fileRef = EE06D32B219551E400961AB0 /* ExtensionDictionary.swift */; };
		EEF23EB621956BEC00741ADC /* JasonParse.swift in Sources */ = {isa = PBXBuildFile; fileRef = EEF23EB521956BEC00741ADC /* JasonParse.swift */; };
/* End PBXBuildFile section */

/* Begin PBXContainerItemProxy section */
		EE06D30B21952AE100961AB0 /* PBXContainerItemProxy */ = {
			isa = PBXContainerItemProxy;
			containerPortal = EE06D2EE21952ADE00961AB0 /* Project object */;
			proxyType = 1;
			remoteGlobalIDString = EE06D2F521952ADE00961AB0;
			remoteInfo = "API-Sample";
		};
		EE06D31621952AE100961AB0 /* PBXContainerItemProxy */ = {
			isa = PBXContainerItemProxy;
			containerPortal = EE06D2EE21952ADE00961AB0 /* Project object */;
			proxyType = 1;
			remoteGlobalIDString = EE06D2F521952ADE00961AB0;
			remoteInfo = "API-Sample";
		};
/* End PBXContainerItemProxy section */

/* Begin PBXFileReference section */
		EE06D2F621952ADE00961AB0 /* API-Sample.app */ = {isa = PBXFileReference; explicitFileType = wrapper.application; includeInIndex = 0; path = "API-Sample.app"; sourceTree = BUILT_PRODUCTS_DIR; };
		EE06D2F921952ADE00961AB0 /* AppDelegate.swift */ = {isa = PBXFileReference; lastKnownFileType = sourcecode.swift; path = AppDelegate.swift; sourceTree = "<group>"; };
		EE06D2FB21952ADE00961AB0 /* ViewController.swift */ = {isa = PBXFileReference; lastKnownFileType = sourcecode.swift; path = ViewController.swift; sourceTree = "<group>"; };
		EE06D2FE21952ADE00961AB0 /* Base */ = {isa = PBXFileReference; lastKnownFileType = file.storyboard; name = Base; path = Base.lproj/Main.storyboard; sourceTree = "<group>"; };
		EE06D30021952AE100961AB0 /* Assets.xcassets */ = {isa = PBXFileReference; lastKnownFileType = folder.assetcatalog; path = Assets.xcassets; sourceTree = "<group>"; };
		EE06D30321952AE100961AB0 /* Base */ = {isa = PBXFileReference; lastKnownFileType = file.storyboard; name = Base; path = Base.lproj/LaunchScreen.storyboard; sourceTree = "<group>"; };
		EE06D30521952AE100961AB0 /* Info.plist */ = {isa = PBXFileReference; lastKnownFileType = text.plist.xml; path = Info.plist; sourceTree = "<group>"; };
		EE06D30A21952AE100961AB0 /* API-SampleTests.xctest */ = {isa = PBXFileReference; explicitFileType = wrapper.cfbundle; includeInIndex = 0; path = "API-SampleTests.xctest"; sourceTree = BUILT_PRODUCTS_DIR; };
		EE06D30E21952AE100961AB0 /* API_SampleTests.swift */ = {isa = PBXFileReference; lastKnownFileType = sourcecode.swift; path = API_SampleTests.swift; sourceTree = "<group>"; };
		EE06D31021952AE100961AB0 /* Info.plist */ = {isa = PBXFileReference; lastKnownFileType = text.plist.xml; path = Info.plist; sourceTree = "<group>"; };
		EE06D31521952AE100961AB0 /* API-SampleUITests.xctest */ = {isa = PBXFileReference; explicitFileType = wrapper.cfbundle; includeInIndex = 0; path = "API-SampleUITests.xctest"; sourceTree = BUILT_PRODUCTS_DIR; };
		EE06D31921952AE100961AB0 /* API_SampleUITests.swift */ = {isa = PBXFileReference; lastKnownFileType = sourcecode.swift; path = API_SampleUITests.swift; sourceTree = "<group>"; };
		EE06D31B21952AE100961AB0 /* Info.plist */ = {isa = PBXFileReference; lastKnownFileType = text.plist.xml; path = Info.plist; sourceTree = "<group>"; };
		EE06D32721952F0F00961AB0 /* API-Pram.swift */ = {isa = PBXFileReference; lastKnownFileType = sourcecode.swift; path = "API-Pram.swift"; sourceTree = "<group>"; };
		EE06D3292195515900961AB0 /* APIModel.swift */ = {isa = PBXFileReference; lastKnownFileType = sourcecode.swift; path = APIModel.swift; sourceTree = "<group>"; };
		EE06D32B219551E400961AB0 /* ExtensionDictionary.swift */ = {isa = PBXFileReference; lastKnownFileType = sourcecode.swift; path = ExtensionDictionary.swift; sourceTree = "<group>"; };
		EEF23EB521956BEC00741ADC /* JasonParse.swift */ = {isa = PBXFileReference; lastKnownFileType = sourcecode.swift; path = JasonParse.swift; sourceTree = "<group>"; };
/* End PBXFileReference section */

/* Begin PBXFrameworksBuildPhase section */
		EE06D2F321952ADE00961AB0 /* Frameworks */ = {
			isa = PBXFrameworksBuildPhase;
			buildActionMask = 2147483647;
			files = (
			);
			runOnlyForDeploymentPostprocessing = 0;
		};
		EE06D30721952AE100961AB0 /* Frameworks */ = {
			isa = PBXFrameworksBuildPhase;
			buildActionMask = 2147483647;
			files = (
			);
			runOnlyForDeploymentPostprocessing = 0;
		};
		EE06D31221952AE100961AB0 /* Frameworks */ = {
			isa = PBXFrameworksBuildPhase;
			buildActionMask = 2147483647;
			files = (
			);
			runOnlyForDeploymentPostprocessing = 0;
		};
/* End PBXFrameworksBuildPhase section */

/* Begin PBXGroup section */
		EE06D2ED21952ADE00961AB0 = {
			isa = PBXGroup;
			children = (
				EE06D2F821952ADE00961AB0 /* API-Sample */,
				EE06D30D21952AE100961AB0 /* API-SampleTests */,
				EE06D31821952AE100961AB0 /* API-SampleUITests */,
				EE06D2F721952ADE00961AB0 /* Products */,
			);
			sourceTree = "<group>";
		};
		EE06D2F721952ADE00961AB0 /* Products */ = {
			isa = PBXGroup;
			children = (
				EE06D2F621952ADE00961AB0 /* API-Sample.app */,
				EE06D30A21952AE100961AB0 /* API-SampleTests.xctest */,
				EE06D31521952AE100961AB0 /* API-SampleUITests.xctest */,
			);
			name = Products;
			sourceTree = "<group>";
		};
		EE06D2F821952ADE00961AB0 /* API-Sample */ = {
			isa = PBXGroup;
			children = (
				EE06D2F921952ADE00961AB0 /* AppDelegate.swift */,
				EE06D32721952F0F00961AB0 /* API-Pram.swift */,
				EE06D2FB21952ADE00961AB0 /* ViewController.swift */,
				EE06D2FD21952ADE00961AB0 /* Main.storyboard */,
				EE06D32B219551E400961AB0 /* ExtensionDictionary.swift */,
				EE06D30021952AE100961AB0 /* Assets.xcassets */,
				EEF23EB521956BEC00741ADC /* JasonParse.swift */,
				EE06D3292195515900961AB0 /* APIModel.swift */,
				EE06D30221952AE100961AB0 /* LaunchScreen.storyboard */,
				EE06D30521952AE100961AB0 /* Info.plist */,
			);
			path = "API-Sample";
			sourceTree = "<group>";
		};
		EE06D30D21952AE100961AB0 /* API-SampleTests */ = {
			isa = PBXGroup;
			children = (
				EE06D30E21952AE100961AB0 /* API_SampleTests.swift */,
				EE06D31021952AE100961AB0 /* Info.plist */,
			);
			path = "API-SampleTests";
			sourceTree = "<group>";
		};
		EE06D31821952AE100961AB0 /* API-SampleUITests */ = {
			isa = PBXGroup;
			children = (
				EE06D31921952AE100961AB0 /* API_SampleUITests.swift */,
				EE06D31B21952AE100961AB0 /* Info.plist */,
			);
			path = "API-SampleUITests";
			sourceTree = "<group>";
		};
/* End PBXGroup section */

/* Begin PBXNativeTarget section */
		EE06D2F521952ADE00961AB0 /* API-Sample */ = {
			isa = PBXNativeTarget;
			buildConfigurationList = EE06D31E21952AE100961AB0 /* Build configuration list for PBXNativeTarget "API-Sample" */;
			buildPhases = (
				EE06D2F221952ADE00961AB0 /* Sources */,
				EE06D2F321952ADE00961AB0 /* Frameworks */,
				EE06D2F421952ADE00961AB0 /* Resources */,
			);
			buildRules = (
			);
			dependencies = (
			);
			name = "API-Sample";
			productName = "API-Sample";
			productReference = EE06D2F621952ADE00961AB0 /* API-Sample.app */;
			productType = "com.apple.product-type.application";
		};
		EE06D30921952AE100961AB0 /* API-SampleTests */ = {
			isa = PBXNativeTarget;
			buildConfigurationList = EE06D32121952AE100961AB0 /* Build configuration list for PBXNativeTarget "API-SampleTests" */;
			buildPhases = (
				EE06D30621952AE100961AB0 /* Sources */,
				EE06D30721952AE100961AB0 /* Frameworks */,
				EE06D30821952AE100961AB0 /* Resources */,
			);
			buildRules = (
			);
			dependencies = (
				EE06D30C21952AE100961AB0 /* PBXTargetDependency */,
			);
			name = "API-SampleTests";
			productName = "API-SampleTests";
			productReference = EE06D30A21952AE100961AB0 /* API-SampleTests.xctest */;
			productType = "com.apple.product-type.bundle.unit-test";
		};
		EE06D31421952AE100961AB0 /* API-SampleUITests */ = {
			isa = PBXNativeTarget;
			buildConfigurationList = EE06D32421952AE100961AB0 /* Build configuration list for PBXNativeTarget "API-SampleUITests" */;
			buildPhases = (
				EE06D31121952AE100961AB0 /* Sources */,
				EE06D31221952AE100961AB0 /* Frameworks */,
				EE06D31321952AE100961AB0 /* Resources */,
			);
			buildRules = (
			);
			dependencies = (
				EE06D31721952AE100961AB0 /* PBXTargetDependency */,
			);
			name = "API-SampleUITests";
			productName = "API-SampleUITests";
			productReference = EE06D31521952AE100961AB0 /* API-SampleUITests.xctest */;
			productType = "com.apple.product-type.bundle.ui-testing";
		};
/* End PBXNativeTarget section */

/* Begin PBXProject section */
		EE06D2EE21952ADE00961AB0 /* Project object */ = {
			isa = PBXProject;
			attributes = {
				LastSwiftUpdateCheck = 1010;
				LastUpgradeCheck = 1010;
				ORGANIZATIONNAME = "dev室 インターン4";
				TargetAttributes = {
					EE06D2F521952ADE00961AB0 = {
						CreatedOnToolsVersion = 10.1;
					};
					EE06D30921952AE100961AB0 = {
						CreatedOnToolsVersion = 10.1;
						TestTargetID = EE06D2F521952ADE00961AB0;
					};
					EE06D31421952AE100961AB0 = {
						CreatedOnToolsVersion = 10.1;
						TestTargetID = EE06D2F521952ADE00961AB0;
					};
				};
			};
			buildConfigurationList = EE06D2F121952ADE00961AB0 /* Build configuration list for PBXProject "API-Sample" */;
			compatibilityVersion = "Xcode 9.3";
			developmentRegion = en;
			hasScannedForEncodings = 0;
			knownRegions = (
				en,
				Base,
			);
			mainGroup = EE06D2ED21952ADE00961AB0;
			productRefGroup = EE06D2F721952ADE00961AB0 /* Products */;
			projectDirPath = "";
			projectRoot = "";
			targets = (
				EE06D2F521952ADE00961AB0 /* API-Sample */,
				EE06D30921952AE100961AB0 /* API-SampleTests */,
				EE06D31421952AE100961AB0 /* API-SampleUITests */,
			);
		};
/* End PBXProject section */

/* Begin PBXResourcesBuildPhase section */
		EE06D2F421952ADE00961AB0 /* Resources */ = {
			isa = PBXResourcesBuildPhase;
			buildActionMask = 2147483647;
			files = (
				EE06D30421952AE100961AB0 /* LaunchScreen.storyboard in Resources */,
				EE06D30121952AE100961AB0 /* Assets.xcassets in Resources */,
				EE06D2FF21952ADE00961AB0 /* Main.storyboard in Resources */,
			);
			runOnlyForDeploymentPostprocessing = 0;
		};
		EE06D30821952AE100961AB0 /* Resources */ = {
			isa = PBXResourcesBuildPhase;
			buildActionMask = 2147483647;
			files = (
			);
			runOnlyForDeploymentPostprocessing = 0;
		};
		EE06D31321952AE100961AB0 /* Resources */ = {
			isa = PBXResourcesBuildPhase;
			buildActionMask = 2147483647;
			files = (
			);
			runOnlyForDeploymentPostprocessing = 0;
		};
/* End PBXResourcesBuildPhase section */

/* Begin PBXSourcesBuildPhase section */
		EE06D2F221952ADE00961AB0 /* Sources */ = {
			isa = PBXSourcesBuildPhase;
			buildActionMask = 2147483647;
			files = (
				EE06D32C219551E400961AB0 /* ExtensionDictionary.swift in Sources */,
				EE06D32A2195515900961AB0 /* APIModel.swift in Sources */,
				EE06D2FC21952ADE00961AB0 /* ViewController.swift in Sources */,
				EEF23EB621956BEC00741ADC /* JasonParse.swift in Sources */,
				EE06D32821952F0F00961AB0 /* API-Pram.swift in Sources */,
				EE06D2FA21952ADE00961AB0 /* AppDelegate.swift in Sources */,
			);
			runOnlyForDeploymentPostprocessing = 0;
		};
		EE06D30621952AE100961AB0 /* Sources */ = {
			isa = PBXSourcesBuildPhase;
			buildActionMask = 2147483647;
			files = (
				EE06D30F21952AE100961AB0 /* API_SampleTests.swift in Sources */,
			);
			runOnlyForDeploymentPostprocessing = 0;
		};
		EE06D31121952AE100961AB0 /* Sources */ = {
			isa = PBXSourcesBuildPhase;
			buildActionMask = 2147483647;
			files = (
				EE06D31A21952AE100961AB0 /* API_SampleUITests.swift in Sources */,
			);
			runOnlyForDeploymentPostprocessing = 0;
		};
/* End PBXSourcesBuildPhase section */

/* Begin PBXTargetDependency section */
		EE06D30C21952AE100961AB0 /* PBXTargetDependency */ = {
			isa = PBXTargetDependency;
			target = EE06D2F521952ADE00961AB0 /* API-Sample */;
			targetProxy = EE06D30B21952AE100961AB0 /* PBXContainerItemProxy */;
		};
		EE06D31721952AE100961AB0 /* PBXTargetDependency */ = {
			isa = PBXTargetDependency;
			target = EE06D2F521952ADE00961AB0 /* API-Sample */;
			targetProxy = EE06D31621952AE100961AB0 /* PBXContainerItemProxy */;
		};
/* End PBXTargetDependency section */

/* Begin PBXVariantGroup section */
		EE06D2FD21952ADE00961AB0 /* Main.storyboard */ = {
			isa = PBXVariantGroup;
			children = (
				EE06D2FE21952ADE00961AB0 /* Base */,
			);
			name = Main.storyboard;
			sourceTree = "<group>";
		};
		EE06D30221952AE100961AB0 /* LaunchScreen.storyboard */ = {
			isa = PBXVariantGroup;
			children = (
				EE06D30321952AE100961AB0 /* Base */,
			);
			name = LaunchScreen.storyboard;
			sourceTree = "<group>";
		};
/* End PBXVariantGroup section */

/* Begin XCBuildConfiguration section */
		EE06D31C21952AE100961AB0 /* Debug */ = {
			isa = XCBuildConfiguration;
			buildSettings = {
				ALWAYS_SEARCH_USER_PATHS = NO;
				CLANG_ANALYZER_NONNULL = YES;
				CLANG_ANALYZER_NUMBER_OBJECT_CONVERSION = YES_AGGRESSIVE;
				CLANG_CXX_LANGUAGE_STANDARD = "gnu++14";
				CLANG_CXX_LIBRARY = "libc++";
				CLANG_ENABLE_MODULES = YES;
				CLANG_ENABLE_OBJC_ARC = YES;
				CLANG_ENABLE_OBJC_WEAK = YES;
				CLANG_WARN_BLOCK_CAPTURE_AUTORELEASING = YES;
				CLANG_WARN_BOOL_CONVERSION = YES;
				CLANG_WARN_COMMA = YES;
				CLANG_WARN_CONSTANT_CONVERSION = YES;
				CLANG_WARN_DEPRECATED_OBJC_IMPLEMENTATIONS = YES;
				CLANG_WARN_DIRECT_OBJC_ISA_USAGE = YES_ERROR;
				CLANG_WARN_DOCUMENTATION_COMMENTS = YES;
				CLANG_WARN_EMPTY_BODY = YES;
				CLANG_WARN_ENUM_CONVERSION = YES;
				CLANG_WARN_INFINITE_RECURSION = YES;
				CLANG_WARN_INT_CONVERSION = YES;
				CLANG_WARN_NON_LITERAL_NULL_CONVERSION = YES;
				CLANG_WARN_OBJC_IMPLICIT_RETAIN_SELF = YES;
				CLANG_WARN_OBJC_LITERAL_CONVERSION = YES;
				CLANG_WARN_OBJC_ROOT_CLASS = YES_ERROR;
				CLANG_WARN_RANGE_LOOP_ANALYSIS = YES;
				CLANG_WARN_STRICT_PROTOTYPES = YES;
				CLANG_WARN_SUSPICIOUS_MOVE = YES;
				CLANG_WARN_UNGUARDED_AVAILABILITY = YES_AGGRESSIVE;
				CLANG_WARN_UNREACHABLE_CODE = YES;
				CLANG_WARN__DUPLICATE_METHOD_MATCH = YES;
				CODE_SIGN_IDENTITY = "iPhone Developer";
				COPY_PHASE_STRIP = NO;
				DEBUG_INFORMATION_FORMAT = dwarf;
				ENABLE_STRICT_OBJC_MSGSEND = YES;
				ENABLE_TESTABILITY = YES;
				GCC_C_LANGUAGE_STANDARD = gnu11;
				GCC_DYNAMIC_NO_PIC = NO;
				GCC_NO_COMMON_BLOCKS = YES;
				GCC_OPTIMIZATION_LEVEL = 0;
				GCC_PREPROCESSOR_DEFINITIONS = (
					"DEBUG=1",
					"$(inherited)",
				);
				GCC_WARN_64_TO_32_BIT_CONVERSION = YES;
				GCC_WARN_ABOUT_RETURN_TYPE = YES_ERROR;
				GCC_WARN_UNDECLARED_SELECTOR = YES;
				GCC_WARN_UNINITIALIZED_AUTOS = YES_AGGRESSIVE;
				GCC_WARN_UNUSED_FUNCTION = YES;
				GCC_WARN_UNUSED_VARIABLE = YES;
				IPHONEOS_DEPLOYMENT_TARGET = 12.1;
				MTL_ENABLE_DEBUG_INFO = INCLUDE_SOURCE;
				MTL_FAST_MATH = YES;
				ONLY_ACTIVE_ARCH = YES;
				SDKROOT = iphoneos;
				SWIFT_ACTIVE_COMPILATION_CONDITIONS = DEBUG;
				SWIFT_OPTIMIZATION_LEVEL = "-Onone";
			};
			name = Debug;
		};
		EE06D31D21952AE100961AB0 /* Release */ = {
			isa = XCBuildConfiguration;
			buildSettings = {
				ALWAYS_SEARCH_USER_PATHS = NO;
				CLANG_ANALYZER_NONNULL = YES;
				CLANG_ANALYZER_NUMBER_OBJECT_CONVERSION = YES_AGGRESSIVE;
				CLANG_CXX_LANGUAGE_STANDARD = "gnu++14";
				CLANG_CXX_LIBRARY = "libc++";
				CLANG_ENABLE_MODULES = YES;
				CLANG_ENABLE_OBJC_ARC = YES;
				CLANG_ENABLE_OBJC_WEAK = YES;
				CLANG_WARN_BLOCK_CAPTURE_AUTORELEASING = YES;
				CLANG_WARN_BOOL_CONVERSION = YES;
				CLANG_WARN_COMMA = YES;
				CLANG_WARN_CONSTANT_CONVERSION = YES;
				CLANG_WARN_DEPRECATED_OBJC_IMPLEMENTATIONS = YES;
				CLANG_WARN_DIRECT_OBJC_ISA_USAGE = YES_ERROR;
				CLANG_WARN_DOCUMENTATION_COMMENTS = YES;
				CLANG_WARN_EMPTY_BODY = YES;
				CLANG_WARN_ENUM_CONVERSION = YES;
				CLANG_WARN_INFINITE_RECURSION = YES;
				CLANG_WARN_INT_CONVERSION = YES;
				CLANG_WARN_NON_LITERAL_NULL_CONVERSION = YES;
				CLANG_WARN_OBJC_IMPLICIT_RETAIN_SELF = YES;
				CLANG_WARN_OBJC_LITERAL_CONVERSION = YES;
				CLANG_WARN_OBJC_ROOT_CLASS = YES_ERROR;
				CLANG_WARN_RANGE_LOOP_ANALYSIS = YES;
				CLANG_WARN_STRICT_PROTOTYPES = YES;
				CLANG_WARN_SUSPICIOUS_MOVE = YES;
				CLANG_WARN_UNGUARDED_AVAILABILITY = YES_AGGRESSIVE;
				CLANG_WARN_UNREACHABLE_CODE = YES;
				CLANG_WARN__DUPLICATE_METHOD_MATCH = YES;
				CODE_SIGN_IDENTITY = "iPhone Developer";
				COPY_PHASE_STRIP = NO;
				DEBUG_INFORMATION_FORMAT = "dwarf-with-dsym";
				ENABLE_NS_ASSERTIONS = NO;
				ENABLE_STRICT_OBJC_MSGSEND = YES;
				GCC_C_LANGUAGE_STANDARD = gnu11;
				GCC_NO_COMMON_BLOCKS = YES;
				GCC_WARN_64_TO_32_BIT_CONVERSION = YES;
				GCC_WARN_ABOUT_RETURN_TYPE = YES_ERROR;
				GCC_WARN_UNDECLARED_SELECTOR = YES;
				GCC_WARN_UNINITIALIZED_AUTOS = YES_AGGRESSIVE;
				GCC_WARN_UNUSED_FUNCTION = YES;
				GCC_WARN_UNUSED_VARIABLE = YES;
				IPHONEOS_DEPLOYMENT_TARGET = 12.1;
				MTL_ENABLE_DEBUG_INFO = NO;
				MTL_FAST_MATH = YES;
				SDKROOT = iphoneos;
				SWIFT_COMPILATION_MODE = wholemodule;
				SWIFT_OPTIMIZATION_LEVEL = "-O";
				VALIDATE_PRODUCT = YES;
			};
			name = Release;
		};
		EE06D31F21952AE100961AB0 /* Debug */ = {
			isa = XCBuildConfiguration;
			buildSettings = {
				ASSETCATALOG_COMPILER_APPICON_NAME = AppIcon;
				CODE_SIGN_STYLE = Automatic;
				INFOPLIST_FILE = "API-Sample/Info.plist";
				LD_RUNPATH_SEARCH_PATHS = (
					"$(inherited)",
					"@executable_path/Frameworks",
				);
				PRODUCT_BUNDLE_IDENTIFIER = "komatsu.API-Sample";
				PRODUCT_NAME = "$(TARGET_NAME)";
				SWIFT_VERSION = 4.2;
				TARGETED_DEVICE_FAMILY = "1,2";
			};
			name = Debug;
		};
		EE06D32021952AE100961AB0 /* Release */ = {
			isa = XCBuildConfiguration;
			buildSettings = {
				ASSETCATALOG_COMPILER_APPICON_NAME = AppIcon;
				CODE_SIGN_STYLE = Automatic;
				INFOPLIST_FILE = "API-Sample/Info.plist";
				LD_RUNPATH_SEARCH_PATHS = (
					"$(inherited)",
					"@executable_path/Frameworks",
				);
				PRODUCT_BUNDLE_IDENTIFIER = "komatsu.API-Sample";
				PRODUCT_NAME = "$(TARGET_NAME)";
				SWIFT_VERSION = 4.2;
				TARGETED_DEVICE_FAMILY = "1,2";
			};
			name = Release;
		};
		EE06D32221952AE100961AB0 /* Debug */ = {
			isa = XCBuildConfiguration;
			buildSettings = {
				ALWAYS_EMBED_SWIFT_STANDARD_LIBRARIES = YES;
				BUNDLE_LOADER = "$(TEST_HOST)";
				CODE_SIGN_STYLE = Automatic;
				INFOPLIST_FILE = "API-SampleTests/Info.plist";
				LD_RUNPATH_SEARCH_PATHS = (
					"$(inherited)",
					"@executable_path/Frameworks",
					"@loader_path/Frameworks",
				);
				PRODUCT_BUNDLE_IDENTIFIER = "komatsu.API-SampleTests";
				PRODUCT_NAME = "$(TARGET_NAME)";
				SWIFT_VERSION = 4.2;
				TARGETED_DEVICE_FAMILY = "1,2";
				TEST_HOST = "$(BUILT_PRODUCTS_DIR)/API-Sample.app/API-Sample";
			};
			name = Debug;
		};
		EE06D32321952AE100961AB0 /* Release */ = {
			isa = XCBuildConfiguration;
			buildSettings = {
				ALWAYS_EMBED_SWIFT_STANDARD_LIBRARIES = YES;
				BUNDLE_LOADER = "$(TEST_HOST)";
				CODE_SIGN_STYLE = Automatic;
				INFOPLIST_FILE = "API-SampleTests/Info.plist";
				LD_RUNPATH_SEARCH_PATHS = (
					"$(inherited)",
					"@executable_path/Frameworks",
					"@loader_path/Frameworks",
				);
				PRODUCT_BUNDLE_IDENTIFIER = "komatsu.API-SampleTests";
				PRODUCT_NAME = "$(TARGET_NAME)";
				SWIFT_VERSION = 4.2;
				TARGETED_DEVICE_FAMILY = "1,2";
				TEST_HOST = "$(BUILT_PRODUCTS_DIR)/API-Sample.app/API-Sample";
			};
			name = Release;
		};
		EE06D32521952AE100961AB0 /* Debug */ = {
			isa = XCBuildConfiguration;
			buildSettings = {
				ALWAYS_EMBED_SWIFT_STANDARD_LIBRARIES = YES;
				CODE_SIGN_STYLE = Automatic;
				INFOPLIST_FILE = "API-SampleUITests/Info.plist";
				LD_RUNPATH_SEARCH_PATHS = (
					"$(inherited)",
					"@executable_path/Frameworks",
					"@loader_path/Frameworks",
				);
				PRODUCT_BUNDLE_IDENTIFIER = "komatsu.API-SampleUITests";
				PRODUCT_NAME = "$(TARGET_NAME)";
				SWIFT_VERSION = 4.2;
				TARGETED_DEVICE_FAMILY = "1,2";
				TEST_TARGET_NAME = "API-Sample";
			};
			name = Debug;
		};
		EE06D32621952AE100961AB0 /* Release */ = {
			isa = XCBuildConfiguration;
			buildSettings = {
				ALWAYS_EMBED_SWIFT_STANDARD_LIBRARIES = YES;
				CODE_SIGN_STYLE = Automatic;
				INFOPLIST_FILE = "API-SampleUITests/Info.plist";
				LD_RUNPATH_SEARCH_PATHS = (
					"$(inherited)",
					"@executable_path/Frameworks",
					"@loader_path/Frameworks",
				);
				PRODUCT_BUNDLE_IDENTIFIER = "komatsu.API-SampleUITests";
				PRODUCT_NAME = "$(TARGET_NAME)";
				SWIFT_VERSION = 4.2;
				TARGETED_DEVICE_FAMILY = "1,2";
				TEST_TARGET_NAME = "API-Sample";
			};
			name = Release;
		};
/* End XCBuildConfiguration section */

/* Begin XCConfigurationList section */
		EE06D2F121952ADE00961AB0 /* Build configuration list for PBXProject "API-Sample" */ = {
			isa = XCConfigurationList;
			buildConfigurations = (
				EE06D31C21952AE100961AB0 /* Debug */,
				EE06D31D21952AE100961AB0 /* Release */,
			);
			defaultConfigurationIsVisible = 0;
			defaultConfigurationName = Release;
		};
		EE06D31E21952AE100961AB0 /* Build configuration list for PBXNativeTarget "API-Sample" */ = {
			isa = XCConfigurationList;
			buildConfigurations = (
				EE06D31F21952AE100961AB0 /* Debug */,
				EE06D32021952AE100961AB0 /* Release */,
			);
			defaultConfigurationIsVisible = 0;
			defaultConfigurationName = Release;
		};
		EE06D32121952AE100961AB0 /* Build configuration list for PBXNativeTarget "API-SampleTests" */ = {
			isa = XCConfigurationList;
			buildConfigurations = (
				EE06D32221952AE100961AB0 /* Debug */,
				EE06D32321952AE100961AB0 /* Release */,
			);
			defaultConfigurationIsVisible = 0;
			defaultConfigurationName = Release;
		};
		EE06D32421952AE100961AB0 /* Build configuration list for PBXNativeTarget "API-SampleUITests" */ = {
			isa = XCConfigurationList;
			buildConfigurations = (
				EE06D32521952AE100961AB0 /* Debug */,
				EE06D32621952AE100961AB0 /* Release */,
			);
			defaultConfigurationIsVisible = 0;
			defaultConfigurationName = Release;
		};
/* End XCConfigurationList section */
	};
	rootObject = EE06D2EE21952ADE00961AB0 /* Project object */;
}
